PODS:
  - Kingfisher (4.7.0)
  - SnapKit (4.0.0)

DEPENDENCIES:
  - Kingfisher
  - SnapKit

SPEC REPOS:
  https://github.com/CocoaPods/Specs.git:
    - Kingfisher
    - SnapKit

SPEC CHECKSUMS:
  Kingfisher: da6b005aa96d37698e3e4f1ccfe96a5b9bbf27d6
  SnapKit: a42d492c16e80209130a3379f73596c3454b7694

PODFILE CHECKSUM: fef1c0b97894006f01d5c1b43aaa452783a13c24

COCOAPODS: 1.5.0
